{
  "name": "test",
  "lockfileVersion": 3,
  "requires": true,
  "packages": {
    "": {
      "dependencies": {
        "ankushcalculator": "^1.0.0"
      }
    },
    "node_modules/ankushcalculator": {
      "version": "1.0.0",
      "resolved": "https://registry.npmjs.org/ankushcalculator/-/ankushcalculator-1.0.0.tgz",
      "integrity": "sha512-zOp2YFVQ2++AdTtYa2Sw8XB+Qn9t1YbwRyOl3LgmsQtg0qosP5zztwi83rx33rVt5A2JS7oUm1025HQpAP8eCA=="
    }
  }
}
